
Microsoft Visual Studio Solution File, Format Version 12.00
# Visual Studio Version 17
VisualStudioVersion = 17.3.32929.385
MinimumVisualStudioVersion = 10.0.40219.1
Project("{FAE04EC0-301F-11D3-BF4B-00C04F79EFBC}") = "Task", "Task\Task.csproj", "{C3A25E37-55D1-4330-9C82-D10FB3FFD122}"
EndProject
Global
	GlobalSection(SolutionConfigurationPlatforms) = preSolution
		Debug|Any CPU = Debug|Any CPU
		Release|Any CPU = Release|Any CPU
	EndGlobalSection
	GlobalSection(ProjectConfigurationPlatforms) = postSolution
		{C3A25E37-55D1-4330-9C82-D10FB3FFD122}.Debug|Any CPU.ActiveCfg = Debug|Any CPU
		{C3A25E37-55D1-4330-9C82-D10FB3FFD122}.Debug|Any CPU.Build.0 = Debug|Any CPU
		{C3A25E37-55D1-4330-9C82-D10FB3FFD122}.Release|Any CPU.ActiveCfg = Release|Any CPU
		{C3A25E37-55D1-4330-9C82-D10FB3FFD122}.Release|Any CPU.Build.0 = Release|Any CPU
	EndGlobalSection
	GlobalSection(SolutionProperties) = preSolution
		HideSolutionNode = FALSE
	EndGlobalSection
	GlobalSection(ExtensibilityGlobals) = postSolution
		SolutionGuid = {F61CCEF0-3DD9-444A-A6A7-28A5DEF53E5F}
	EndGlobalSection
EndGlobal
